
Microsoft Visual Studio Solution File, Format Version 12.00
# Visual Studio Version 16
VisualStudioVersion = 16.0.30204.135
MinimumVisualStudioVersion = 10.0.40219.1
Project("{8BC9CEB8-8B4A-11D0-8D11-00A0C91BC942}") = "HoangTuCuuCongChua", "HoangTuCuuCongChua\HoangTuCuuCongChua.vcxproj", "{9F2AEEDE-3B8B-4F3A-85AE-B09BFD06C257}"
EndProject
Global
	GlobalSection(SolutionConfigurationPlatforms) = preSolution
		Debug|x64 = Debug|x64
		Debug|x86 = Debug|x86
		Release|x64 = Release|x64
		Release|x86 = Release|x86
	EndGlobalSection
	GlobalSection(ProjectConfigurationPlatforms) = postSolution
		{9F2AEEDE-3B8B-4F3A-85AE-B09BFD06C257}.Debug|x64.ActiveCfg = Debug|x64
		{9F2AEEDE-3B8B-4F3A-85AE-B09BFD06C257}.Debug|x64.Build.0 = Debug|x64
		{9F2AEEDE-3B8B-4F3A-85AE-B09BFD06C257}.Debug|x86.ActiveCfg = Debug|Win32
		{9F2AEEDE-3B8B-4F3A-85AE-B09BFD06C257}.Debug|x86.Build.0 = Debug|Win32
		{9F2AEEDE-3B8B-4F3A-85AE-B09BFD06C257}.Release|x64.ActiveCfg = Release|x64
		{9F2AEEDE-3B8B-4F3A-85AE-B09BFD06C257}.Release|x64.Build.0 = Release|x64
		{9F2AEEDE-3B8B-4F3A-85AE-B09BFD06C257}.Release|x86.ActiveCfg = Release|Win32
		{9F2AEEDE-3B8B-4F3A-85AE-B09BFD06C257}.Release|x86.Build.0 = Release|Win32
	EndGlobalSection
	GlobalSection(SolutionProperties) = preSolution
		HideSolutionNode = FALSE
	EndGlobalSection
	GlobalSection(ExtensibilityGlobals) = postSolution
		SolutionGuid = {D5AFCD73-CF0D-490A-B456-CB6F14F38D21}
	EndGlobalSection
EndGlobal
